
Microsoft Visual Studio Solution File, Format Version 12.00
# Visual Studio Version 17
VisualStudioVersion = 17.6.33829.357
MinimumVisualStudioVersion = 10.0.40219.1
Project("{FAE04EC0-301F-11D3-BF4B-00C04F79EFBC}") = "PruebaSagrario2", "PruebaSagrario2\PruebaSagrario2.csproj", "{1306DC7C-9CD5-4AA3-AD85-2B50B1D17F4F}"
EndProject
Global
	GlobalSection(SolutionConfigurationPlatforms) = preSolution
		Debug|Any CPU = Debug|Any CPU
		Release|Any CPU = Release|Any CPU
	EndGlobalSection
	GlobalSection(ProjectConfigurationPlatforms) = postSolution
		{1306DC7C-9CD5-4AA3-AD85-2B50B1D17F4F}.Debug|Any CPU.ActiveCfg = Debug|Any CPU
		{1306DC7C-9CD5-4AA3-AD85-2B50B1D17F4F}.Debug|Any CPU.Build.0 = Debug|Any CPU
		{1306DC7C-9CD5-4AA3-AD85-2B50B1D17F4F}.Release|Any CPU.ActiveCfg = Release|Any CPU
		{1306DC7C-9CD5-4AA3-AD85-2B50B1D17F4F}.Release|Any CPU.Build.0 = Release|Any CPU
	EndGlobalSection
	GlobalSection(SolutionProperties) = preSolution
		HideSolutionNode = FALSE
	EndGlobalSection
	GlobalSection(ExtensibilityGlobals) = postSolution
		SolutionGuid = {CE3CD8C2-D2AA-4FB3-A6F6-569482A71237}
	EndGlobalSection
EndGlobal
